# This file was autogenerated by Stack.
# You should not edit this file by hand.
# For more information, please see the documentation at:
#   https://docs.haskellstack.org/en/stable/lock_files

packages:
- completed:
    hackage: grisette-0.1.0.0@sha256:ca830eb602be271d9120078fc59d7cbff7784fdc472d0d70ccd6d48e32e32c33,7531
    pantry-tree:
      sha256: 191fcb94efe2780212ddcac49c5e570b951353d8e5038ea05e5251b924ebe7a4
      size: 8585
  original:
    hackage: grisette-0.1.0.0
snapshots:
- completed:
    sha256: c11fcbeb1aa12761044755b1109d16952ede2cb6147ebde777dd5cb38f784501
    size: 649333
    url: https://raw.githubusercontent.com/commercialhaskell/stackage-snapshots/master/lts/20/9.yaml
  original:
    url: https://raw.githubusercontent.com/commercialhaskell/stackage-snapshots/master/lts/20/9.yaml
